// !$*UTF8*$!
{
	archiveVersion = 1;
	classes = {
	};
	objectVersion = 77;
	objects = {

/* Begin PBXContainerItemProxy section */
		422F1EFE2F59E3D300A9B93E /* PBXContainerItemProxy */ = {
			isa = PBXContainerItemProxy;
			containerPortal = 422F1EE82F59E3D100A9B93E /* Project object */;
			proxyType = 1;
			remoteGlobalIDString = 422F1EEF2F59E3D100A9B93E;
			remoteInfo = Mooring;
		};
		422F1F082F59E3D300A9B93E /* PBXContainerItemProxy */ = {
			isa = PBXContainerItemProxy;
			containerPortal = 422F1EE82F59E3D100A9B93E /* Project object */;
			proxyType = 1;
			remoteGlobalIDString = 422F1EEF2F59E3D100A9B93E;
			remoteInfo = Mooring;
		};
/* End PBXContainerItemProxy section */

/* Begin PBXFileReference section */
		422F1EF02F59E3D100A9B93E /* Mooring.app */ = {isa = PBXFileReference; explicitFileType = wrapper.application; includeInIndex = 0; path = Mooring.app; sourceTree = BUILT_PRODUCTS_DIR; };
		422F1EFD2F59E3D300A9B93E /* MooringTests.xctest */ = {isa = PBXFileReference; explicitFileType = wrapper.cfbundle; includeInIndex = 0; path = MooringTests.xctest; sourceTree = BUILT_PRODUCTS_DIR; };
		422F1F072F59E3D300A9B93E /* MooringUITests.xctest */ = {isa = PBXFileReference; explicitFileType = wrapper.cfbundle; includeInIndex = 0; path = MooringUITests.xctest; sourceTree = BUILT_PRODUCTS_DIR; };
/* End PBXFileReference section */

/* Begin PBXFileSystemSynchronizedRootGroup section */
		422F1EF22F59E3D100A9B93E /* Mooring */ = {
			isa = PBXFileSystemSynchronizedRootGroup;
			path = Mooring;
			sourceTree = "<group>";
		};
		422F1F002F59E3D300A9B93E /* MooringTests */ = {
			isa = PBXFileSystemSynchronizedRootGroup;
			path = MooringTests;
			sourceTree = "<group>";
		};
		422F1F0A2F59E3D300A9B93E /* MooringUITests */ = {
			isa = PBXFileSystemSynchronizedRootGroup;
			path = MooringUITests;
			sourceTree = "<group>";
		};
/* End PBXFileSystemSynchronizedRootGroup section */

/* Begin PBXFrameworksBuildPhase section */
		422F1EED2F59E3D100A9B93E /* Frameworks */ = {
			isa = PBXFrameworksBuildPhase;
			buildActionMask = 2147483647;
			files = (
			);
			runOnlyForDeploymentPostprocessing = 0;
		};
		422F1EFA2F59E3D300A9B93E /* Frameworks */ = {
			isa = PBXFrameworksBuildPhase;
			buildActionMask = 2147483647;
			files = (
			);
			runOnlyForDeploymentPostprocessing = 0;
		};
		422F1F042F59E3D300A9B93E /* Frameworks */ = {
			isa = PBXFrameworksBuildPhase;
			buildActionMask = 2147483647;
			files = (
			);
			runOnlyForDeploymentPostprocessing = 0;
		};
/* End PBXFrameworksBuildPhase section */

/* Begin PBXGroup section */
		422F1EE72F59E3D100A9B93E = {
			isa = PBXGroup;
			children = (
				422F1EF22F59E3D100A9B93E /* Mooring */,
				422F1F002F59E3D300A9B93E /* MooringTests */,
				422F1F0A2F59E3D300A9B93E /* MooringUITests */,
				422F1EF12F59E3D100A9B93E /* Products */,
			);
			sourceTree = "<group>";
		};
		422F1EF12F59E3D100A9B93E /* Products */ = {
			isa = PBXGroup;
			children = (
				422F1EF02F59E3D100A9B93E /* Mooring.app */,
				422F1EFD2F59E3D300A9B93E /* MooringTests.xctest */,
				422F1F072F59E3D300A9B93E /* MooringUITests.xctest */,
			);
			name = Products;
			sourceTree = "<group>";
		};
/* End PBXGroup section */

/* Begin PBXNativeTarget section */
		422F1EEF2F59E3D100A9B93E /* Mooring */ = {
			isa = PBXNativeTarget;
			buildConfigurationList = 422F1F112F59E3D300A9B93E /* Build configuration list for PBXNativeTarget "Mooring" */;
			buildPhases = (
				422F1EEC2F59E3D100A9B93E /* Sources */,
				422F1EED2F59E3D100A9B93E /* Frameworks */,
				422F1EEE2F59E3D100A9B93E /* Resources */,
				C0DE00012F59E3D300A9B93E /* Bundle libimobiledevice Tools */,
			);
			buildRules = (
			);
			dependencies = (
			);
			fileSystemSynchronizedGroups = (
				422F1EF22F59E3D100A9B93E /* Mooring */,
			);
			name = Mooring;
			packageProductDependencies = (
			);
			productName = Mooring;
			productReference = 422F1EF02F59E3D100A9B93E /* Mooring.app */;
			productType = "com.apple.product-type.application";
		};
		422F1EFC2F59E3D300A9B93E /* MooringTests */ = {
			isa = PBXNativeTarget;
			buildConfigurationList = 422F1F142F59E3D300A9B93E /* Build configuration list for PBXNativeTarget "MooringTests" */;
			buildPhases = (
				422F1EF92F59E3D300A9B93E /* Sources */,
				422F1EFA2F59E3D300A9B93E /* Frameworks */,
				422F1EFB2F59E3D300A9B93E /* Resources */,
			);
			buildRules = (
			);
			dependencies = (
				422F1EFF2F59E3D300A9B93E /* PBXTargetDependency */,
			);
			fileSystemSynchronizedGroups = (
				422F1F002F59E3D300A9B93E /* MooringTests */,
			);
			name = MooringTests;
			packageProductDependencies = (
			);
			productName = MooringTests;
			productReference = 422F1EFD2F59E3D300A9B93E /* MooringTests.xctest */;
			productType = "com.apple.product-type.bundle.unit-test";
		};
		422F1F062F59E3D300A9B93E /* MooringUITests */ = {
			isa = PBXNativeTarget;
			buildConfigurationList = 422F1F172F59E3D300A9B93E /* Build configuration list for PBXNativeTarget "MooringUITests" */;
			buildPhases = (
				422F1F032F59E3D300A9B93E /* Sources */,
				422F1F042F59E3D300A9B93E /* Frameworks */,
				422F1F052F59E3D300A9B93E /* Resources */,
			);
			buildRules = (
			);
			dependencies = (
				422F1F092F59E3D300A9B93E /* PBXTargetDependency */,
			);
			fileSystemSynchronizedGroups = (
				422F1F0A2F59E3D300A9B93E /* MooringUITests */,
			);
			name = MooringUITests;
			packageProductDependencies = (
			);
			productName = MooringUITests;
			productReference = 422F1F072F59E3D300A9B93E /* MooringUITests.xctest */;
			productType = "com.apple.product-type.bundle.ui-testing";
		};
/* End PBXNativeTarget section */

/* Begin PBXProject section */
		422F1EE82F59E3D100A9B93E /* Project object */ = {
			isa = PBXProject;
			attributes = {
				BuildIndependentTargetsInParallel = 1;
				LastSwiftUpdateCheck = 2630;
				LastUpgradeCheck = 2630;
				TargetAttributes = {
					422F1EEF2F59E3D100A9B93E = {
						CreatedOnToolsVersion = 26.3;
					};
					422F1EFC2F59E3D300A9B93E = {
						CreatedOnToolsVersion = 26.3;
						TestTargetID = 422F1EEF2F59E3D100A9B93E;
					};
					422F1F062F59E3D300A9B93E = {
						CreatedOnToolsVersion = 26.3;
						TestTargetID = 422F1EEF2F59E3D100A9B93E;
					};
				};
			};
			buildConfigurationList = 422F1EEB2F59E3D100A9B93E /* Build configuration list for PBXProject "Mooring" */;
			developmentRegion = en;
			hasScannedForEncodings = 0;
			knownRegions = (
				en,
				Base,
				"zh-Hans",
			);
			mainGroup = 422F1EE72F59E3D100A9B93E;
			minimizedProjectReferenceProxies = 1;
			preferredProjectObjectVersion = 77;
			productRefGroup = 422F1EF12F59E3D100A9B93E /* Products */;
			projectDirPath = "";
			projectRoot = "";
			targets = (
				422F1EEF2F59E3D100A9B93E /* Mooring */,
				422F1EFC2F59E3D300A9B93E /* MooringTests */,
				422F1F062F59E3D300A9B93E /* MooringUITests */,
			);
		};
/* End PBXProject section */

/* Begin PBXResourcesBuildPhase section */
		422F1EEE2F59E3D100A9B93E /* Resources */ = {
			isa = PBXResourcesBuildPhase;
			buildActionMask = 2147483647;
			files = (
			);
			runOnlyForDeploymentPostprocessing = 0;
		};
		422F1EFB2F59E3D300A9B93E /* Resources */ = {
			isa = PBXResourcesBuildPhase;
			buildActionMask = 2147483647;
			files = (
			);
			runOnlyForDeploymentPostprocessing = 0;
		};
		422F1F052F59E3D300A9B93E /* Resources */ = {
			isa = PBXResourcesBuildPhase;
			buildActionMask = 2147483647;
			files = (
			);
			runOnlyForDeploymentPostprocessing = 0;
		};
/* End PBXResourcesBuildPhase section */

/* Begin PBXShellScriptBuildPhase section */
		C0DE00012F59E3D300A9B93E /* Bundle libimobiledevice Tools */ = {
			isa = PBXShellScriptBuildPhase;
			buildActionMask = 2147483647;
			files = (
			);
			inputPaths = (
				"${PROJECT_DIR}/.cache/libimobiledevice/bin/iproxy",
				"${PROJECT_DIR}/.cache/libimobiledevice/bin/idevice_id",
			);
			name = "Bundle libimobiledevice Tools";
			outputPaths = (
				"${BUILT_PRODUCTS_DIR}/${CONTENTS_FOLDER_PATH}/Resources/libimobiledevice/bin/iproxy",
				"${BUILT_PRODUCTS_DIR}/${CONTENTS_FOLDER_PATH}/Resources/libimobiledevice/bin/idevice_id",
			);
			runOnlyForDeploymentPostprocessing = 0;
			shellPath = /bin/bash;
			shellScript = "set -euo pipefail\n\nSRC=\"${PROJECT_DIR}/.cache/libimobiledevice\"\nDEST=\"${BUILT_PRODUCTS_DIR}/${CONTENTS_FOLDER_PATH}/Resources/libimobiledevice\"\n\nif [ ! -f \"$SRC/bin/iproxy\" ] || [ ! -f \"$SRC/bin/idevice_id\" ]; then\n    echo \"error: libimobiledevice binaries not found. Run Scripts/setup.sh first.\" >&2\n    exit 1\nfi\n\n# Copy to app bundle\nrm -rf \"$DEST\"\nmkdir -p \"$DEST\"\ncp -a \"$SRC/bin\" \"$DEST/\"\ncp -a \"$SRC/lib\" \"$DEST/\"\n\n# Copy license\ncp \"${PROJECT_DIR}/Scripts/LICENSES/LGPL-2.1.txt\" \"$DEST/\"\n\n# Codesign with same identity as parent project\nif [ -n \"${EXPANDED_CODE_SIGN_IDENTITY:-}\" ] && [ \"${EXPANDED_CODE_SIGN_IDENTITY}\" != \"-\" ]; then\n    for f in \"$DEST/bin\"/* \"$DEST/lib\"/*.dylib; do\n        codesign --force --sign \"${EXPANDED_CODE_SIGN_IDENTITY}\" --options runtime --timestamp \"$f\"\n    done\nfi\n";
		};
/* End PBXShellScriptBuildPhase section */

/* Begin PBXSourcesBuildPhase section */
		422F1EEC2F59E3D100A9B93E /* Sources */ = {
			isa = PBXSourcesBuildPhase;
			buildActionMask = 2147483647;
			files = (
			);
			runOnlyForDeploymentPostprocessing = 0;
		};
		422F1EF92F59E3D300A9B93E /* Sources */ = {
			isa = PBXSourcesBuildPhase;
			buildActionMask = 2147483647;
			files = (
			);
			runOnlyForDeploymentPostprocessing = 0;
		};
		422F1F032F59E3D300A9B93E /* Sources */ = {
			isa = PBXSourcesBuildPhase;
			buildActionMask = 2147483647;
			files = (
			);
			runOnlyForDeploymentPostprocessing = 0;
		};
/* End PBXSourcesBuildPhase section */

/* Begin PBXTargetDependency section */
		422F1EFF2F59E3D300A9B93E /* PBXTargetDependency */ = {
			isa = PBXTargetDependency;
			target = 422F1EEF2F59E3D100A9B93E /* Mooring */;
			targetProxy = 422F1EFE2F59E3D300A9B93E /* PBXContainerItemProxy */;
		};
		422F1F092F59E3D300A9B93E /* PBXTargetDependency */ = {
			isa = PBXTargetDependency;
			target = 422F1EEF2F59E3D100A9B93E /* Mooring */;
			targetProxy = 422F1F082F59E3D300A9B93E /* PBXContainerItemProxy */;
		};
/* End PBXTargetDependency section */

/* Begin XCBuildConfiguration section */
		422F1F0F2F59E3D300A9B93E /* Debug */ = {
			isa = XCBuildConfiguration;
			buildSettings = {
				ALWAYS_SEARCH_USER_PATHS = NO;
				ASSETCATALOG_COMPILER_GENERATE_SWIFT_ASSET_SYMBOL_EXTENSIONS = YES;
				CLANG_ANALYZER_NONNULL = YES;
				CLANG_ANALYZER_NUMBER_OBJECT_CONVERSION = YES_AGGRESSIVE;
				CLANG_CXX_LANGUAGE_STANDARD = "gnu++20";
				CLANG_ENABLE_MODULES = YES;
				CLANG_ENABLE_OBJC_ARC = YES;
				CLANG_ENABLE_OBJC_WEAK = YES;
				CLANG_WARN_BLOCK_CAPTURE_AUTORELEASING = YES;
				CLANG_WARN_BOOL_CONVERSION = YES;
				CLANG_WARN_COMMA = YES;
				CLANG_WARN_CONSTANT_CONVERSION = YES;
				CLANG_WARN_DEPRECATED_OBJC_IMPLEMENTATIONS = YES;
				CLANG_WARN_DIRECT_OBJC_ISA_USAGE = YES_ERROR;
				CLANG_WARN_DOCUMENTATION_COMMENTS = YES;
				CLANG_WARN_EMPTY_BODY = YES;
				CLANG_WARN_ENUM_CONVERSION = YES;
				CLANG_WARN_INFINITE_RECURSION = YES;
				CLANG_WARN_INT_CONVERSION = YES;
				CLANG_WARN_NON_LITERAL_NULL_CONVERSION = YES;
				CLANG_WARN_OBJC_IMPLICIT_RETAIN_SELF = YES;
				CLANG_WARN_OBJC_LITERAL_CONVERSION = YES;
				CLANG_WARN_OBJC_ROOT_CLASS = YES_ERROR;
				CLANG_WARN_QUOTED_INCLUDE_IN_FRAMEWORK_HEADER = YES;
				CLANG_WARN_RANGE_LOOP_ANALYSIS = YES;
				CLANG_WARN_STRICT_PROTOTYPES = YES;
				CLANG_WARN_SUSPICIOUS_MOVE = YES;
				CLANG_WARN_UNGUARDED_AVAILABILITY = YES_AGGRESSIVE;
				CLANG_WARN_UNREACHABLE_CODE = YES;
				CLANG_WARN__DUPLICATE_METHOD_MATCH = YES;
				COPY_PHASE_STRIP = NO;
				DEBUG_INFORMATION_FORMAT = dwarf;
				DEVELOPMENT_TEAM = 7Q4TYRL4R6;
				ENABLE_STRICT_OBJC_MSGSEND = YES;
				ENABLE_TESTABILITY = YES;
				ENABLE_USER_SCRIPT_SANDBOXING = YES;
				GCC_C_LANGUAGE_STANDARD = gnu17;
				GCC_DYNAMIC_NO_PIC = NO;
				GCC_NO_COMMON_BLOCKS = YES;
				GCC_OPTIMIZATION_LEVEL = 0;
				GCC_PREPROCESSOR_DEFINITIONS = (
					"DEBUG=1",
					"$(inherited)",
				);
				GCC_WARN_64_TO_32_BIT_CONVERSION = YES;
				GCC_WARN_ABOUT_RETURN_TYPE = YES_ERROR;
				GCC_WARN_UNDECLARED_SELECTOR = YES;
				GCC_WARN_UNINITIALIZED_AUTOS = YES_AGGRESSIVE;
				GCC_WARN_UNUSED_FUNCTION = YES;
				GCC_WARN_UNUSED_VARIABLE = YES;
				LOCALIZATION_PREFERS_STRING_CATALOGS = YES;
				MACOSX_DEPLOYMENT_TARGET = 26.2;
				MTL_ENABLE_DEBUG_INFO = INCLUDE_SOURCE;
				MTL_FAST_MATH = YES;
				ONLY_ACTIVE_ARCH = YES;
				SDKROOT = macosx;
				SWIFT_ACTIVE_COMPILATION_CONDITIONS = "DEBUG $(inherited)";
				SWIFT_OPTIMIZATION_LEVEL = "-Onone";
			};
			name = Debug;
		};
		422F1F102F59E3D300A9B93E /* Release */ = {
			isa = XCBuildConfiguration;
			buildSettings = {
				ALWAYS_SEARCH_USER_PATHS = NO;
				ASSETCATALOG_COMPILER_GENERATE_SWIFT_ASSET_SYMBOL_EXTENSIONS = YES;
				CLANG_ANALYZER_NONNULL = YES;
				CLANG_ANALYZER_NUMBER_OBJECT_CONVERSION = YES_AGGRESSIVE;
				CLANG_CXX_LANGUAGE_STANDARD = "gnu++20";
				CLANG_ENABLE_MODULES = YES;
				CLANG_ENABLE_OBJC_ARC = YES;
				CLANG_ENABLE_OBJC_WEAK = YES;
				CLANG_WARN_BLOCK_CAPTURE_AUTORELEASING = YES;
				CLANG_WARN_BOOL_CONVERSION = YES;
				CLANG_WARN_COMMA = YES;
				CLANG_WARN_CONSTANT_CONVERSION = YES;
				CLANG_WARN_DEPRECATED_OBJC_IMPLEMENTATIONS = YES;
				CLANG_WARN_DIRECT_OBJC_ISA_USAGE = YES_ERROR;
				CLANG_WARN_DOCUMENTATION_COMMENTS = YES;
				CLANG_WARN_EMPTY_BODY = YES;
				CLANG_WARN_ENUM_CONVERSION = YES;
				CLANG_WARN_INFINITE_RECURSION = YES;
				CLANG_WARN_INT_CONVERSION = YES;
				CLANG_WARN_NON_LITERAL_NULL_CONVERSION = YES;
				CLANG_WARN_OBJC_IMPLICIT_RETAIN_SELF = YES;
				CLANG_WARN_OBJC_LITERAL_CONVERSION = YES;
				CLANG_WARN_OBJC_ROOT_CLASS = YES_ERROR;
				CLANG_WARN_QUOTED_INCLUDE_IN_FRAMEWORK_HEADER = YES;
				CLANG_WARN_RANGE_LOOP_ANALYSIS = YES;
				CLANG_WARN_STRICT_PROTOTYPES = YES;
				CLANG_WARN_SUSPICIOUS_MOVE = YES;
				CLANG_WARN_UNGUARDED_AVAILABILITY = YES_AGGRESSIVE;
				CLANG_WARN_UNREACHABLE_CODE = YES;
				CLANG_WARN__DUPLICATE_METHOD_MATCH = YES;
				COPY_PHASE_STRIP = NO;
				DEBUG_INFORMATION_FORMAT = "dwarf-with-dsym";
				DEVELOPMENT_TEAM = 7Q4TYRL4R6;
				ENABLE_NS_ASSERTIONS = NO;
				ENABLE_STRICT_OBJC_MSGSEND = YES;
				ENABLE_USER_SCRIPT_SANDBOXING = YES;
				GCC_C_LANGUAGE_STANDARD = gnu17;
				GCC_NO_COMMON_BLOCKS = YES;
				GCC_WARN_64_TO_32_BIT_CONVERSION = YES;
				GCC_WARN_ABOUT_RETURN_TYPE = YES_ERROR;
				GCC_WARN_UNDECLARED_SELECTOR = YES;
				GCC_WARN_UNINITIALIZED_AUTOS = YES_AGGRESSIVE;
				GCC_WARN_UNUSED_FUNCTION = YES;
				GCC_WARN_UNUSED_VARIABLE = YES;
				LOCALIZATION_PREFERS_STRING_CATALOGS = YES;
				MACOSX_DEPLOYMENT_TARGET = 26.2;
				MTL_ENABLE_DEBUG_INFO = NO;
				MTL_FAST_MATH = YES;
				SDKROOT = macosx;
				SWIFT_COMPILATION_MODE = wholemodule;
			};
			name = Release;
		};
		422F1F122F59E3D300A9B93E /* Debug */ = {
			isa = XCBuildConfiguration;
			buildSettings = {
				ASSETCATALOG_COMPILER_APPICON_NAME = AppIcon;
				ASSETCATALOG_COMPILER_GLOBAL_ACCENT_COLOR_NAME = AccentColor;
				CODE_SIGN_STYLE = Automatic;
				COMBINE_HIDPI_IMAGES = YES;
				CURRENT_PROJECT_VERSION = 1;
				DEVELOPMENT_TEAM = 7Q4TYRL4R6;
				ENABLE_APP_SANDBOX = NO;
				ENABLE_HARDENED_RUNTIME = YES;
				ENABLE_PREVIEWS = YES;
				ENABLE_USER_SCRIPT_SANDBOXING = NO;
				GENERATE_INFOPLIST_FILE = YES;
				INFOPLIST_KEY_LSUIElement = YES;
				INFOPLIST_KEY_NSHumanReadableCopyright = "";
				LD_RUNPATH_SEARCH_PATHS = (
					"$(inherited)",
					"@executable_path/../Frameworks",
				);
				MARKETING_VERSION = 1.0;
				PRODUCT_BUNDLE_IDENTIFIER = me.chichou.Mooring;
				PRODUCT_NAME = "$(TARGET_NAME)";
				REGISTER_APP_GROUPS = YES;
				STRING_CATALOG_GENERATE_SYMBOLS = YES;
				SWIFT_APPROACHABLE_CONCURRENCY = YES;
				SWIFT_DEFAULT_ACTOR_ISOLATION = MainActor;
				SWIFT_EMIT_LOC_STRINGS = YES;
				SWIFT_UPCOMING_FEATURE_MEMBER_IMPORT_VISIBILITY = YES;
				SWIFT_VERSION = 5.0;
			};
			name = Debug;
		};
		422F1F132F59E3D300A9B93E /* Release */ = {
			isa = XCBuildConfiguration;
			buildSettings = {
				ASSETCATALOG_COMPILER_APPICON_NAME = AppIcon;
				ASSETCATALOG_COMPILER_GLOBAL_ACCENT_COLOR_NAME = AccentColor;
				CODE_SIGN_STYLE = Automatic;
				COMBINE_HIDPI_IMAGES = YES;
				CURRENT_PROJECT_VERSION = 1;
				DEVELOPMENT_TEAM = 7Q4TYRL4R6;
				ENABLE_APP_SANDBOX = NO;
				ENABLE_HARDENED_RUNTIME = YES;
				ENABLE_PREVIEWS = YES;
				ENABLE_USER_SCRIPT_SANDBOXING = NO;
				GENERATE_INFOPLIST_FILE = YES;
				INFOPLIST_KEY_LSUIElement = YES;
				INFOPLIST_KEY_NSHumanReadableCopyright = "";
				LD_RUNPATH_SEARCH_PATHS = (
					"$(inherited)",
					"@executable_path/../Frameworks",
				);
				MARKETING_VERSION = 1.0;
				PRODUCT_BUNDLE_IDENTIFIER = me.chichou.Mooring;
				PRODUCT_NAME = "$(TARGET_NAME)";
				REGISTER_APP_GROUPS = YES;
				STRING_CATALOG_GENERATE_SYMBOLS = YES;
				SWIFT_APPROACHABLE_CONCURRENCY = YES;
				SWIFT_DEFAULT_ACTOR_ISOLATION = MainActor;
				SWIFT_EMIT_LOC_STRINGS = YES;
				SWIFT_UPCOMING_FEATURE_MEMBER_IMPORT_VISIBILITY = YES;
				SWIFT_VERSION = 5.0;
			};
			name = Release;
		};
		422F1F152F59E3D300A9B93E /* Debug */ = {
			isa = XCBuildConfiguration;
			buildSettings = {
				BUNDLE_LOADER = "$(TEST_HOST)";
				CODE_SIGN_STYLE = Automatic;
				CURRENT_PROJECT_VERSION = 1;
				DEVELOPMENT_TEAM = 7Q4TYRL4R6;
				GENERATE_INFOPLIST_FILE = YES;
				MACOSX_DEPLOYMENT_TARGET = 26.2;
				MARKETING_VERSION = 1.0;
				PRODUCT_BUNDLE_IDENTIFIER = me.chichou.MooringTests;
				PRODUCT_NAME = "$(TARGET_NAME)";
				STRING_CATALOG_GENERATE_SYMBOLS = NO;
				SWIFT_APPROACHABLE_CONCURRENCY = YES;
				SWIFT_EMIT_LOC_STRINGS = NO;
				SWIFT_UPCOMING_FEATURE_MEMBER_IMPORT_VISIBILITY = YES;
				SWIFT_VERSION = 5.0;
				TEST_HOST = "$(BUILT_PRODUCTS_DIR)/Mooring.app/$(BUNDLE_EXECUTABLE_FOLDER_PATH)/Mooring";
			};
			name = Debug;
		};
		422F1F162F59E3D300A9B93E /* Release */ = {
			isa = XCBuildConfiguration;
			buildSettings = {
				BUNDLE_LOADER = "$(TEST_HOST)";
				CODE_SIGN_STYLE = Automatic;
				CURRENT_PROJECT_VERSION = 1;
				DEVELOPMENT_TEAM = 7Q4TYRL4R6;
				GENERATE_INFOPLIST_FILE = YES;
				MACOSX_DEPLOYMENT_TARGET = 26.2;
				MARKETING_VERSION = 1.0;
				PRODUCT_BUNDLE_IDENTIFIER = me.chichou.MooringTests;
				PRODUCT_NAME = "$(TARGET_NAME)";
				STRING_CATALOG_GENERATE_SYMBOLS = NO;
				SWIFT_APPROACHABLE_CONCURRENCY = YES;
				SWIFT_EMIT_LOC_STRINGS = NO;
				SWIFT_UPCOMING_FEATURE_MEMBER_IMPORT_VISIBILITY = YES;
				SWIFT_VERSION = 5.0;
				TEST_HOST = "$(BUILT_PRODUCTS_DIR)/Mooring.app/$(BUNDLE_EXECUTABLE_FOLDER_PATH)/Mooring";
			};
			name = Release;
		};
		422F1F182F59E3D300A9B93E /* Debug */ = {
			isa = XCBuildConfiguration;
			buildSettings = {
				CODE_SIGN_STYLE = Automatic;
				CURRENT_PROJECT_VERSION = 1;
				DEVELOPMENT_TEAM = 7Q4TYRL4R6;
				GENERATE_INFOPLIST_FILE = YES;
				MARKETING_VERSION = 1.0;
				PRODUCT_BUNDLE_IDENTIFIER = me.chichou.MooringUITests;
				PRODUCT_NAME = "$(TARGET_NAME)";
				STRING_CATALOG_GENERATE_SYMBOLS = NO;
				SWIFT_APPROACHABLE_CONCURRENCY = YES;
				SWIFT_EMIT_LOC_STRINGS = NO;
				SWIFT_UPCOMING_FEATURE_MEMBER_IMPORT_VISIBILITY = YES;
				SWIFT_VERSION = 5.0;
				TEST_TARGET_NAME = Mooring;
			};
			name = Debug;
		};
		422F1F192F59E3D300A9B93E /* Release */ = {
			isa = XCBuildConfiguration;
			buildSettings = {
				CODE_SIGN_STYLE = Automatic;
				CURRENT_PROJECT_VERSION = 1;
				DEVELOPMENT_TEAM = 7Q4TYRL4R6;
				GENERATE_INFOPLIST_FILE = YES;
				MARKETING_VERSION = 1.0;
				PRODUCT_BUNDLE_IDENTIFIER = me.chichou.MooringUITests;
				PRODUCT_NAME = "$(TARGET_NAME)";
				STRING_CATALOG_GENERATE_SYMBOLS = NO;
				SWIFT_APPROACHABLE_CONCURRENCY = YES;
				SWIFT_EMIT_LOC_STRINGS = NO;
				SWIFT_UPCOMING_FEATURE_MEMBER_IMPORT_VISIBILITY = YES;
				SWIFT_VERSION = 5.0;
				TEST_TARGET_NAME = Mooring;
			};
			name = Release;
		};
/* End XCBuildConfiguration section */

/* Begin XCConfigurationList section */
		422F1EEB2F59E3D100A9B93E /* Build configuration list for PBXProject "Mooring" */ = {
			isa = XCConfigurationList;
			buildConfigurations = (
				422F1F0F2F59E3D300A9B93E /* Debug */,
				422F1F102F59E3D300A9B93E /* Release */,
			);
			defaultConfigurationIsVisible = 0;
			defaultConfigurationName = Release;
		};
		422F1F112F59E3D300A9B93E /* Build configuration list for PBXNativeTarget "Mooring" */ = {
			isa = XCConfigurationList;
			buildConfigurations = (
				422F1F122F59E3D300A9B93E /* Debug */,
				422F1F132F59E3D300A9B93E /* Release */,
			);
			defaultConfigurationIsVisible = 0;
			defaultConfigurationName = Release;
		};
		422F1F142F59E3D300A9B93E /* Build configuration list for PBXNativeTarget "MooringTests" */ = {
			isa = XCConfigurationList;
			buildConfigurations = (
				422F1F152F59E3D300A9B93E /* Debug */,
				422F1F162F59E3D300A9B93E /* Release */,
			);
			defaultConfigurationIsVisible = 0;
			defaultConfigurationName = Release;
		};
		422F1F172F59E3D300A9B93E /* Build configuration list for PBXNativeTarget "MooringUITests" */ = {
			isa = XCConfigurationList;
			buildConfigurations = (
				422F1F182F59E3D300A9B93E /* Debug */,
				422F1F192F59E3D300A9B93E /* Release */,
			);
			defaultConfigurationIsVisible = 0;
			defaultConfigurationName = Release;
		};
/* End XCConfigurationList section */
	};
	rootObject = 422F1EE82F59E3D100A9B93E /* Project object */;
}
